
Microsoft Visual Studio Solution File, Format Version 12.00
# Visual Studio 15
VisualStudioVersion = 15.0.28307.271
MinimumVisualStudioVersion = 10.0.40219.1
Project("{FAE04EC0-301F-11D3-BF4B-00C04F79EFBC}") = "Hospital.WEB", "Hospital.WEB\Hospital.WEB.csproj", "{291E7A87-BA8D-4B9E-8381-0DA95AD5F77F}"
EndProject
Project("{FAE04EC0-301F-11D3-BF4B-00C04F79EFBC}") = "Hospital.DAL", "Hospital.DAL\Hospital.DAL.csproj", "{74993DC3-26B5-4D68-9FE0-3AC04031F247}"
EndProject
Project("{FAE04EC0-301F-11D3-BF4B-00C04F79EFBC}") = "Hospital.BLL", "Hospital.BLL\Hospital.BLL.csproj", "{7766218E-80BE-48FA-8A1D-220656410983}"
EndProject
Global
	GlobalSection(SolutionConfigurationPlatforms) = preSolution
		Debug|Any CPU = Debug|Any CPU
		Release|Any CPU = Release|Any CPU
	EndGlobalSection
	GlobalSection(ProjectConfigurationPlatforms) = postSolution
		{291E7A87-BA8D-4B9E-8381-0DA95AD5F77F}.Debug|Any CPU.ActiveCfg = Debug|Any CPU
		{291E7A87-BA8D-4B9E-8381-0DA95AD5F77F}.Debug|Any CPU.Build.0 = Debug|Any CPU
		{291E7A87-BA8D-4B9E-8381-0DA95AD5F77F}.Release|Any CPU.ActiveCfg = Release|Any CPU
		{291E7A87-BA8D-4B9E-8381-0DA95AD5F77F}.Release|Any CPU.Build.0 = Release|Any CPU
		{74993DC3-26B5-4D68-9FE0-3AC04031F247}.Debug|Any CPU.ActiveCfg = Debug|Any CPU
		{74993DC3-26B5-4D68-9FE0-3AC04031F247}.Debug|Any CPU.Build.0 = Debug|Any CPU
		{74993DC3-26B5-4D68-9FE0-3AC04031F247}.Release|Any CPU.ActiveCfg = Release|Any CPU
		{74993DC3-26B5-4D68-9FE0-3AC04031F247}.Release|Any CPU.Build.0 = Release|Any CPU
		{7766218E-80BE-48FA-8A1D-220656410983}.Debug|Any CPU.ActiveCfg = Debug|Any CPU
		{7766218E-80BE-48FA-8A1D-220656410983}.Debug|Any CPU.Build.0 = Debug|Any CPU
		{7766218E-80BE-48FA-8A1D-220656410983}.Release|Any CPU.ActiveCfg = Release|Any CPU
		{7766218E-80BE-48FA-8A1D-220656410983}.Release|Any CPU.Build.0 = Release|Any CPU
	EndGlobalSection
	GlobalSection(SolutionProperties) = preSolution
		HideSolutionNode = FALSE
	EndGlobalSection
	GlobalSection(ExtensibilityGlobals) = postSolution
		SolutionGuid = {282C787B-8E93-4593-B53C-96A90E999ABA}
	EndGlobalSection
EndGlobal
